// !$*UTF8*$!
{
	archiveVersion = 1;
	classes = {
	};
	objectVersion = 46;
	objects = {

/* Begin PBXBuildFile section */
		457A3A7C1C0C917100C2C8E1 /* CoreFoundation.framework in Frameworks */ = {isa = PBXBuildFile; fileRef = 457A3A7B1C0C917100C2C8E1 /* CoreFoundation.framework */; settings = {ATTRIBUTES = (Weak, ); }; };
		727248A71C0C7A81004C3FC3 /* TLRunOperation.m in Sources */ = {isa = PBXBuildFile; fileRef = 727248A61C0C7A80004C3FC3 /* TLRunOperation.m */; };
		727248AA1C0C7AB0004C3FC3 /* TLXCodeConsole.m in Sources */ = {isa = PBXBuildFile; fileRef = 727248A91C0C7AB0004C3FC3 /* TLXCodeConsole.m */; };
		729AC6A91C0C7BF300BB3695 /* TLShellRunner.m in Sources */ = {isa = PBXBuildFile; fileRef = 729AC6A81C0C7BF300BB3695 /* TLShellRunner.m */; };
		729AC6AC1C0C7C3600BB3695 /* TLWorkspaceManager.m in Sources */ = {isa = PBXBuildFile; fileRef = 729AC6AB1C0C7C3600BB3695 /* TLWorkspaceManager.m */; };
		729AC6AF1C0C7C6900BB3695 /* TLProject.m in Sources */ = {isa = PBXBuildFile; fileRef = 729AC6AE1C0C7C6900BB3695 /* TLProject.m */; };
		72D71F811C0C3CA1008AC521 /* AppKit.framework in Frameworks */ = {isa = PBXBuildFile; fileRef = 72D71F801C0C3CA1008AC521 /* AppKit.framework */; };
		72D71F831C0C3CA1008AC521 /* Foundation.framework in Frameworks */ = {isa = PBXBuildFile; fileRef = 72D71F821C0C3CA1008AC521 /* Foundation.framework */; settings = {ATTRIBUTES = (Weak, ); }; };
		72D71F871C0C3CA1008AC521 /* TLShell.xcscheme in Resources */ = {isa = PBXBuildFile; fileRef = 72D71F861C0C3CA1008AC521 /* TLShell.xcscheme */; };
		72D71F8A1C0C3CA1008AC521 /* TLShell.m in Sources */ = {isa = PBXBuildFile; fileRef = 72D71F891C0C3CA1008AC521 /* TLShell.m */; };
		72D71F8D1C0C3CA1008AC521 /* NSObject_Extension.m in Sources */ = {isa = PBXBuildFile; fileRef = 72D71F8C1C0C3CA1008AC521 /* NSObject_Extension.m */; };
		72D71F971C0C41A5008AC521 /* TLChooseController.m in Sources */ = {isa = PBXBuildFile; fileRef = 72D71F951C0C41A5008AC521 /* TLChooseController.m */; };
		72D71F981C0C41A5008AC521 /* TLChooseController.xib in Resources */ = {isa = PBXBuildFile; fileRef = 72D71F961C0C41A5008AC521 /* TLChooseController.xib */; };
		72D71F9B1C0C44A5008AC521 /* TLTableRowView.m in Sources */ = {isa = PBXBuildFile; fileRef = 72D71F9A1C0C44A5008AC521 /* TLTableRowView.m */; };
		72D71F9E1C0C4FA9008AC521 /* TLFileManager.m in Sources */ = {isa = PBXBuildFile; fileRef = 72D71F9D1C0C4FA9008AC521 /* TLFileManager.m */; };
/* End PBXBuildFile section */

/* Begin PBXFileReference section */
		457A3A7B1C0C917100C2C8E1 /* CoreFoundation.framework */ = {isa = PBXFileReference; lastKnownFileType = wrapper.framework; name = CoreFoundation.framework; path = System/Library/Frameworks/CoreFoundation.framework; sourceTree = SDKROOT; };
		727248A51C0C7A80004C3FC3 /* TLRunOperation.h */ = {isa = PBXFileReference; fileEncoding = 4; lastKnownFileType = sourcecode.c.h; path = TLRunOperation.h; sourceTree = "<group>"; };
		727248A61C0C7A80004C3FC3 /* TLRunOperation.m */ = {isa = PBXFileReference; fileEncoding = 4; lastKnownFileType = sourcecode.c.objc; path = TLRunOperation.m; sourceTree = "<group>"; };
		727248A81C0C7AB0004C3FC3 /* TLXCodeConsole.h */ = {isa = PBXFileReference; fileEncoding = 4; lastKnownFileType = sourcecode.c.h; path = TLXCodeConsole.h; sourceTree = "<group>"; };
		727248A91C0C7AB0004C3FC3 /* TLXCodeConsole.m */ = {isa = PBXFileReference; fileEncoding = 4; lastKnownFileType = sourcecode.c.objc; path = TLXCodeConsole.m; sourceTree = "<group>"; };
		729AC6A71C0C7BF300BB3695 /* TLShellRunner.h */ = {isa = PBXFileReference; fileEncoding = 4; lastKnownFileType = sourcecode.c.h; path = TLShellRunner.h; sourceTree = "<group>"; };
		729AC6A81C0C7BF300BB3695 /* TLShellRunner.m */ = {isa = PBXFileReference; fileEncoding = 4; lastKnownFileType = sourcecode.c.objc; path = TLShellRunner.m; sourceTree = "<group>"; };
		729AC6AA1C0C7C3600BB3695 /* TLWorkspaceManager.h */ = {isa = PBXFileReference; fileEncoding = 4; lastKnownFileType = sourcecode.c.h; path = TLWorkspaceManager.h; sourceTree = "<group>"; };
		729AC6AB1C0C7C3600BB3695 /* TLWorkspaceManager.m */ = {isa = PBXFileReference; fileEncoding = 4; lastKnownFileType = sourcecode.c.objc; path = TLWorkspaceManager.m; sourceTree = "<group>"; };
		729AC6AD1C0C7C6900BB3695 /* TLProject.h */ = {isa = PBXFileReference; fileEncoding = 4; lastKnownFileType = sourcecode.c.h; path = TLProject.h; sourceTree = "<group>"; };
		729AC6AE1C0C7C6900BB3695 /* TLProject.m */ = {isa = PBXFileReference; fileEncoding = 4; lastKnownFileType = sourcecode.c.objc; path = TLProject.m; sourceTree = "<group>"; };
		72D71F7D1C0C3CA1008AC521 /* TLShell.xcplugin */ = {isa = PBXFileReference; explicitFileType = wrapper.cfbundle; includeInIndex = 0; path = TLShell.xcplugin; sourceTree = BUILT_PRODUCTS_DIR; };
		72D71F801C0C3CA1008AC521 /* AppKit.framework */ = {isa = PBXFileReference; lastKnownFileType = wrapper.framework; name = AppKit.framework; path = /System/Library/Frameworks/AppKit.framework; sourceTree = "<absolute>"; };
		72D71F821C0C3CA1008AC521 /* Foundation.framework */ = {isa = PBXFileReference; lastKnownFileType = wrapper.framework; name = Foundation.framework; path = /System/Library/Frameworks/Foundation.framework; sourceTree = "<absolute>"; };
		72D71F861C0C3CA1008AC521 /* TLShell.xcscheme */ = {isa = PBXFileReference; lastKnownFileType = text.xml; name = TLShell.xcscheme; path = TLShell.xcodeproj/xcshareddata/xcschemes/TLShell.xcscheme; sourceTree = SOURCE_ROOT; };
		72D71F881C0C3CA1008AC521 /* TLShell.h */ = {isa = PBXFileReference; lastKnownFileType = sourcecode.c.h; path = TLShell.h; sourceTree = "<group>"; };
		72D71F891C0C3CA1008AC521 /* TLShell.m */ = {isa = PBXFileReference; lastKnownFileType = sourcecode.c.objc; path = TLShell.m; sourceTree = "<group>"; };
		72D71F8B1C0C3CA1008AC521 /* NSObject_Extension.h */ = {isa = PBXFileReference; lastKnownFileType = sourcecode.c.h; path = NSObject_Extension.h; sourceTree = "<group>"; };
		72D71F8C1C0C3CA1008AC521 /* NSObject_Extension.m */ = {isa = PBXFileReference; lastKnownFileType = sourcecode.c.objc; path = NSObject_Extension.m; sourceTree = "<group>"; };
		72D71F8E1C0C3CA1008AC521 /* Info.plist */ = {isa = PBXFileReference; lastKnownFileType = text.plist.xml; path = Info.plist; sourceTree = "<group>"; };
		72D71F941C0C41A5008AC521 /* TLChooseController.h */ = {isa = PBXFileReference; fileEncoding = 4; lastKnownFileType = sourcecode.c.h; path = TLChooseController.h; sourceTree = "<group>"; };
		72D71F951C0C41A5008AC521 /* TLChooseController.m */ = {isa = PBXFileReference; fileEncoding = 4; lastKnownFileType = sourcecode.c.objc; path = TLChooseController.m; sourceTree = "<group>"; };
		72D71F961C0C41A5008AC521 /* TLChooseController.xib */ = {isa = PBXFileReference; fileEncoding = 4; lastKnownFileType = file.xib; path = TLChooseController.xib; sourceTree = "<group>"; };
		72D71F991C0C44A5008AC521 /* TLTableRowView.h */ = {isa = PBXFileReference; fileEncoding = 4; lastKnownFileType = sourcecode.c.h; path = TLTableRowView.h; sourceTree = "<group>"; };
		72D71F9A1C0C44A5008AC521 /* TLTableRowView.m */ = {isa = PBXFileReference; fileEncoding = 4; lastKnownFileType = sourcecode.c.objc; path = TLTableRowView.m; sourceTree = "<group>"; };
		72D71F9C1C0C4FA9008AC521 /* TLFileManager.h */ = {isa = PBXFileReference; fileEncoding = 4; lastKnownFileType = sourcecode.c.h; path = TLFileManager.h; sourceTree = "<group>"; };
		72D71F9D1C0C4FA9008AC521 /* TLFileManager.m */ = {isa = PBXFileReference; fileEncoding = 4; lastKnownFileType = sourcecode.c.objc; path = TLFileManager.m; sourceTree = "<group>"; };
/* End PBXFileReference section */

/* Begin PBXFrameworksBuildPhase section */
		72D71F7B1C0C3CA1008AC521 /* Frameworks */ = {
			isa = PBXFrameworksBuildPhase;
			buildActionMask = 2147483647;
			files = (
				457A3A7C1C0C917100C2C8E1 /* CoreFoundation.framework in Frameworks */,
				72D71F811C0C3CA1008AC521 /* AppKit.framework in Frameworks */,
				72D71F831C0C3CA1008AC521 /* Foundation.framework in Frameworks */,
			);
			runOnlyForDeploymentPostprocessing = 0;
		};
/* End PBXFrameworksBuildPhase section */

/* Begin PBXGroup section */
		72D71F741C0C3CA1008AC521 = {
			isa = PBXGroup;
			children = (
				72D71F841C0C3CA1008AC521 /* TLShell */,
				72D71F7F1C0C3CA1008AC521 /* Frameworks */,
				72D71F7E1C0C3CA1008AC521 /* Products */,
			);
			sourceTree = "<group>";
		};
		72D71F7E1C0C3CA1008AC521 /* Products */ = {
			isa = PBXGroup;
			children = (
				72D71F7D1C0C3CA1008AC521 /* TLShell.xcplugin */,
			);
			name = Products;
			sourceTree = "<group>";
		};
		72D71F7F1C0C3CA1008AC521 /* Frameworks */ = {
			isa = PBXGroup;
			children = (
				457A3A7B1C0C917100C2C8E1 /* CoreFoundation.framework */,
				72D71F801C0C3CA1008AC521 /* AppKit.framework */,
				72D71F821C0C3CA1008AC521 /* Foundation.framework */,
			);
			name = Frameworks;
			sourceTree = "<group>";
		};
		72D71F841C0C3CA1008AC521 /* TLShell */ = {
			isa = PBXGroup;
			children = (
				72D71F881C0C3CA1008AC521 /* TLShell.h */,
				72D71F891C0C3CA1008AC521 /* TLShell.m */,
				72D71F8B1C0C3CA1008AC521 /* NSObject_Extension.h */,
				72D71F8C1C0C3CA1008AC521 /* NSObject_Extension.m */,
				72D71F941C0C41A5008AC521 /* TLChooseController.h */,
				72D71F951C0C41A5008AC521 /* TLChooseController.m */,
				72D71F961C0C41A5008AC521 /* TLChooseController.xib */,
				72D71F991C0C44A5008AC521 /* TLTableRowView.h */,
				72D71F9A1C0C44A5008AC521 /* TLTableRowView.m */,
				72D71F9C1C0C4FA9008AC521 /* TLFileManager.h */,
				72D71F9D1C0C4FA9008AC521 /* TLFileManager.m */,
				727248A51C0C7A80004C3FC3 /* TLRunOperation.h */,
				727248A61C0C7A80004C3FC3 /* TLRunOperation.m */,
				727248A81C0C7AB0004C3FC3 /* TLXCodeConsole.h */,
				727248A91C0C7AB0004C3FC3 /* TLXCodeConsole.m */,
				729AC6A71C0C7BF300BB3695 /* TLShellRunner.h */,
				729AC6A81C0C7BF300BB3695 /* TLShellRunner.m */,
				729AC6AA1C0C7C3600BB3695 /* TLWorkspaceManager.h */,
				729AC6AB1C0C7C3600BB3695 /* TLWorkspaceManager.m */,
				729AC6AD1C0C7C6900BB3695 /* TLProject.h */,
				729AC6AE1C0C7C6900BB3695 /* TLProject.m */,
				72D71F8E1C0C3CA1008AC521 /* Info.plist */,
				72D71F851C0C3CA1008AC521 /* Supporting Files */,
			);
			path = TLShell;
			sourceTree = "<group>";
		};
		72D71F851C0C3CA1008AC521 /* Supporting Files */ = {
			isa = PBXGroup;
			children = (
				72D71F861C0C3CA1008AC521 /* TLShell.xcscheme */,
			);
			name = "Supporting Files";
			sourceTree = "<group>";
		};
/* End PBXGroup section */

/* Begin PBXNativeTarget section */
		72D71F7C1C0C3CA1008AC521 /* TLShell */ = {
			isa = PBXNativeTarget;
			buildConfigurationList = 72D71F911C0C3CA1008AC521 /* Build configuration list for PBXNativeTarget "TLShell" */;
			buildPhases = (
				72D71F791C0C3CA1008AC521 /* Sources */,
				72D71F7A1C0C3CA1008AC521 /* Resources */,
				72D71F7B1C0C3CA1008AC521 /* Frameworks */,
			);
			buildRules = (
			);
			dependencies = (
			);
			name = TLShell;
			productName = TLShell;
			productReference = 72D71F7D1C0C3CA1008AC521 /* TLShell.xcplugin */;
			productType = "com.apple.product-type.bundle";
		};
/* End PBXNativeTarget section */

/* Begin PBXProject section */
		72D71F751C0C3CA1008AC521 /* Project object */ = {
			isa = PBXProject;
			attributes = {
				LastUpgradeCheck = 0710;
				ORGANIZATIONNAME = TL;
				TargetAttributes = {
					72D71F7C1C0C3CA1008AC521 = {
						CreatedOnToolsVersion = 7.1;
					};
				};
			};
			buildConfigurationList = 72D71F781C0C3CA1008AC521 /* Build configuration list for PBXProject "TLShell" */;
			compatibilityVersion = "Xcode 3.2";
			developmentRegion = English;
			hasScannedForEncodings = 0;
			knownRegions = (
				en,
			);
			mainGroup = 72D71F741C0C3CA1008AC521;
			productRefGroup = 72D71F7E1C0C3CA1008AC521 /* Products */;
			projectDirPath = "";
			projectRoot = "";
			targets = (
				72D71F7C1C0C3CA1008AC521 /* TLShell */,
			);
		};
/* End PBXProject section */

/* Begin PBXResourcesBuildPhase section */
		72D71F7A1C0C3CA1008AC521 /* Resources */ = {
			isa = PBXResourcesBuildPhase;
			buildActionMask = 2147483647;
			files = (
				72D71F981C0C41A5008AC521 /* TLChooseController.xib in Resources */,
				72D71F871C0C3CA1008AC521 /* TLShell.xcscheme in Resources */,
			);
			runOnlyForDeploymentPostprocessing = 0;
		};
/* End PBXResourcesBuildPhase section */

/* Begin PBXSourcesBuildPhase section */
		72D71F791C0C3CA1008AC521 /* Sources */ = {
			isa = PBXSourcesBuildPhase;
			buildActionMask = 2147483647;
			files = (
				729AC6AC1C0C7C3600BB3695 /* TLWorkspaceManager.m in Sources */,
				72D71F971C0C41A5008AC521 /* TLChooseController.m in Sources */,
				72D71F8A1C0C3CA1008AC521 /* TLShell.m in Sources */,
				72D71F9B1C0C44A5008AC521 /* TLTableRowView.m in Sources */,
				729AC6AF1C0C7C6900BB3695 /* TLProject.m in Sources */,
				729AC6A91C0C7BF300BB3695 /* TLShellRunner.m in Sources */,
				727248AA1C0C7AB0004C3FC3 /* TLXCodeConsole.m in Sources */,
				72D71F9E1C0C4FA9008AC521 /* TLFileManager.m in Sources */,
				727248A71C0C7A81004C3FC3 /* TLRunOperation.m in Sources */,
				72D71F8D1C0C3CA1008AC521 /* NSObject_Extension.m in Sources */,
			);
			runOnlyForDeploymentPostprocessing = 0;
		};
/* End PBXSourcesBuildPhase section */

/* Begin XCBuildConfiguration section */
		72D71F8F1C0C3CA1008AC521 /* Debug */ = {
			isa = XCBuildConfiguration;
			buildSettings = {
				ALWAYS_SEARCH_USER_PATHS = NO;
				CLANG_CXX_LANGUAGE_STANDARD = "gnu++0x";
				CLANG_CXX_LIBRARY = "libc++";
				CLANG_ENABLE_MODULES = YES;
				CLANG_ENABLE_OBJC_ARC = YES;
				CLANG_WARN_BOOL_CONVERSION = YES;
				CLANG_WARN_CONSTANT_CONVERSION = YES;
				CLANG_WARN_DIRECT_OBJC_ISA_USAGE = YES_ERROR;
				CLANG_WARN_EMPTY_BODY = YES;
				CLANG_WARN_ENUM_CONVERSION = YES;
				CLANG_WARN_INT_CONVERSION = YES;
				CLANG_WARN_OBJC_ROOT_CLASS = YES_ERROR;
				CLANG_WARN_UNREACHABLE_CODE = YES;
				CLANG_WARN__DUPLICATE_METHOD_MATCH = YES;
				COPY_PHASE_STRIP = NO;
				DEBUG_INFORMATION_FORMAT = dwarf;
				ENABLE_STRICT_OBJC_MSGSEND = YES;
				ENABLE_TESTABILITY = YES;
				GCC_C_LANGUAGE_STANDARD = gnu99;
				GCC_DYNAMIC_NO_PIC = NO;
				GCC_NO_COMMON_BLOCKS = YES;
				GCC_OPTIMIZATION_LEVEL = 0;
				GCC_PREPROCESSOR_DEFINITIONS = (
					"DEBUG=1",
					"$(inherited)",
				);
				GCC_WARN_64_TO_32_BIT_CONVERSION = YES;
				GCC_WARN_ABOUT_RETURN_TYPE = YES_ERROR;
				GCC_WARN_UNDECLARED_SELECTOR = YES;
				GCC_WARN_UNINITIALIZED_AUTOS = YES_AGGRESSIVE;
				GCC_WARN_UNUSED_FUNCTION = YES;
				GCC_WARN_UNUSED_VARIABLE = YES;
				MTL_ENABLE_DEBUG_INFO = YES;
				ONLY_ACTIVE_ARCH = YES;
			};
			name = Debug;
		};
		72D71F901C0C3CA1008AC521 /* Release */ = {
			isa = XCBuildConfiguration;
			buildSettings = {
				ALWAYS_SEARCH_USER_PATHS = NO;
				CLANG_CXX_LANGUAGE_STANDARD = "gnu++0x";
				CLANG_CXX_LIBRARY = "libc++";
				CLANG_ENABLE_MODULES = YES;
				CLANG_ENABLE_OBJC_ARC = YES;
				CLANG_WARN_BOOL_CONVERSION = YES;
				CLANG_WARN_CONSTANT_CONVERSION = YES;
				CLANG_WARN_DIRECT_OBJC_ISA_USAGE = YES_ERROR;
				CLANG_WARN_EMPTY_BODY = YES;
				CLANG_WARN_ENUM_CONVERSION = YES;
				CLANG_WARN_INT_CONVERSION = YES;
				CLANG_WARN_OBJC_ROOT_CLASS = YES_ERROR;
				CLANG_WARN_UNREACHABLE_CODE = YES;
				CLANG_WARN__DUPLICATE_METHOD_MATCH = YES;
				COPY_PHASE_STRIP = NO;
				DEBUG_INFORMATION_FORMAT = "dwarf-with-dsym";
				ENABLE_NS_ASSERTIONS = NO;
				ENABLE_STRICT_OBJC_MSGSEND = YES;
				GCC_C_LANGUAGE_STANDARD = gnu99;
				GCC_NO_COMMON_BLOCKS = YES;
				GCC_WARN_64_TO_32_BIT_CONVERSION = YES;
				GCC_WARN_ABOUT_RETURN_TYPE = YES_ERROR;
				GCC_WARN_UNDECLARED_SELECTOR = YES;
				GCC_WARN_UNINITIALIZED_AUTOS = YES_AGGRESSIVE;
				GCC_WARN_UNUSED_FUNCTION = YES;
				GCC_WARN_UNUSED_VARIABLE = YES;
				MTL_ENABLE_DEBUG_INFO = NO;
			};
			name = Release;
		};
		72D71F921C0C3CA1008AC521 /* Debug */ = {
			isa = XCBuildConfiguration;
			buildSettings = {
				COMBINE_HIDPI_IMAGES = YES;
				DEPLOYMENT_LOCATION = YES;
				DSTROOT = "$(HOME)";
				INFOPLIST_FILE = TLShell/Info.plist;
				INSTALL_PATH = "/Library/Application Support/Developer/Shared/Xcode/Plug-ins";
				MACOSX_DEPLOYMENT_TARGET = 10.11;
				PRODUCT_BUNDLE_IDENTIFIER = TL.TLShell;
				PRODUCT_NAME = "$(TARGET_NAME)";
				WRAPPER_EXTENSION = xcplugin;
			};
			name = Debug;
		};
		72D71F931C0C3CA1008AC521 /* Release */ = {
			isa = XCBuildConfiguration;
			buildSettings = {
				COMBINE_HIDPI_IMAGES = YES;
				DEPLOYMENT_LOCATION = YES;
				DSTROOT = "$(HOME)";
				INFOPLIST_FILE = TLShell/Info.plist;
				INSTALL_PATH = "/Library/Application Support/Developer/Shared/Xcode/Plug-ins";
				MACOSX_DEPLOYMENT_TARGET = 10.11;
				PRODUCT_BUNDLE_IDENTIFIER = TL.TLShell;
				PRODUCT_NAME = "$(TARGET_NAME)";
				WRAPPER_EXTENSION = xcplugin;
			};
			name = Release;
		};
/* End XCBuildConfiguration section */

/* Begin XCConfigurationList section */
		72D71F781C0C3CA1008AC521 /* Build configuration list for PBXProject "TLShell" */ = {
			isa = XCConfigurationList;
			buildConfigurations = (
				72D71F8F1C0C3CA1008AC521 /* Debug */,
				72D71F901C0C3CA1008AC521 /* Release */,
			);
			defaultConfigurationIsVisible = 0;
			defaultConfigurationName = Release;
		};
		72D71F911C0C3CA1008AC521 /* Build configuration list for PBXNativeTarget "TLShell" */ = {
			isa = XCConfigurationList;
			buildConfigurations = (
				72D71F921C0C3CA1008AC521 /* Debug */,
				72D71F931C0C3CA1008AC521 /* Release */,
			);
			defaultConfigurationIsVisible = 0;
			defaultConfigurationName = Release;
		};
/* End XCConfigurationList section */
	};
	rootObject = 72D71F751C0C3CA1008AC521 /* Project object */;
}
